// !$*UTF8*$!
{
	archiveVersion = 1;
	classes = {
	};
	objectVersion = 46;
	objects = {

/* Begin PBXBuildFile section */
		BF4E8AC91EF0D67000FD64FF /* RPGWeapon.m in Sources */ = {isa = PBXBuildFile; fileRef = BF4E8AC81EF0D67000FD64FF /* RPGWeapon.m */; };
		BF4E8ACD1EF0D6BA00FD64FF /* XMLDictionary.m in Sources */ = {isa = PBXBuildFile; fileRef = BF4E8ACC1EF0D6BA00FD64FF /* XMLDictionary.m */; };
		BF4E8AD21EF0D98100FD64FF /* WeaponViewController.m in Sources */ = {isa = PBXBuildFile; fileRef = BF4E8AD11EF0D98100FD64FF /* WeaponViewController.m */; };
		BF4E8AD61EF0DE4400FD64FF /* Weapons.xml in Resources */ = {isa = PBXBuildFile; fileRef = BF4E8AD51EF0DE4400FD64FF /* Weapons.xml */; };
		BF4E8AD91EF0E32000FD64FF /* weapons.json in Resources */ = {isa = PBXBuildFile; fileRef = BF4E8AD81EF0E32000FD64FF /* weapons.json */; };
		BF4E8ADB1EF0E4B700FD64FF /* weapons1.json in Resources */ = {isa = PBXBuildFile; fileRef = BF4E8ADA1EF0E4B700FD64FF /* weapons1.json */; };
		BF7F4A971E6A52A000272613 /* main.m in Sources */ = {isa = PBXBuildFile; fileRef = BF7F4A961E6A52A000272613 /* main.m */; };
		BF7F4A9A1E6A52A000272613 /* AppDelegate.m in Sources */ = {isa = PBXBuildFile; fileRef = BF7F4A991E6A52A000272613 /* AppDelegate.m */; };
		BF7F4A9D1E6A52A000272613 /* ViewController.m in Sources */ = {isa = PBXBuildFile; fileRef = BF7F4A9C1E6A52A000272613 /* ViewController.m */; };
		BF7F4AA01E6A52A000272613 /* Main.storyboard in Resources */ = {isa = PBXBuildFile; fileRef = BF7F4A9E1E6A52A000272613 /* Main.storyboard */; };
		BF7F4AA21E6A52A000272613 /* Assets.xcassets in Resources */ = {isa = PBXBuildFile; fileRef = BF7F4AA11E6A52A000272613 /* Assets.xcassets */; };
		BF7F4AA51E6A52A000272613 /* LaunchScreen.storyboard in Resources */ = {isa = PBXBuildFile; fileRef = BF7F4AA31E6A52A000272613 /* LaunchScreen.storyboard */; };
		BFD5C8C61E7F34D7003A3EE6 /* Weapons1.xml in Resources */ = {isa = PBXBuildFile; fileRef = BFD5C8C51E7F34D7003A3EE6 /* Weapons1.xml */; };
/* End PBXBuildFile section */

/* Begin PBXFileReference section */
		BF4E8AC71EF0D67000FD64FF /* RPGWeapon.h */ = {isa = PBXFileReference; fileEncoding = 4; lastKnownFileType = sourcecode.c.h; path = RPGWeapon.h; sourceTree = "<group>"; };
		BF4E8AC81EF0D67000FD64FF /* RPGWeapon.m */ = {isa = PBXFileReference; fileEncoding = 4; lastKnownFileType = sourcecode.c.objc; path = RPGWeapon.m; sourceTree = "<group>"; };
		BF4E8ACB1EF0D6BA00FD64FF /* XMLDictionary.h */ = {isa = PBXFileReference; fileEncoding = 4; lastKnownFileType = sourcecode.c.h; path = XMLDictionary.h; sourceTree = "<group>"; };
		BF4E8ACC1EF0D6BA00FD64FF /* XMLDictionary.m */ = {isa = PBXFileReference; fileEncoding = 4; lastKnownFileType = sourcecode.c.objc; path = XMLDictionary.m; sourceTree = "<group>"; };
		BF4E8AD01EF0D98100FD64FF /* WeaponViewController.h */ = {isa = PBXFileReference; fileEncoding = 4; lastKnownFileType = sourcecode.c.h; path = WeaponViewController.h; sourceTree = "<group>"; };
		BF4E8AD11EF0D98100FD64FF /* WeaponViewController.m */ = {isa = PBXFileReference; fileEncoding = 4; lastKnownFileType = sourcecode.c.objc; path = WeaponViewController.m; sourceTree = "<group>"; };
		BF4E8AD51EF0DE4400FD64FF /* Weapons.xml */ = {isa = PBXFileReference; fileEncoding = 4; lastKnownFileType = text.xml; path = Weapons.xml; sourceTree = "<group>"; };
		BF4E8AD81EF0E32000FD64FF /* weapons.json */ = {isa = PBXFileReference; fileEncoding = 4; lastKnownFileType = text.json; name = weapons.json; path = ../../Resources/weapons.json; sourceTree = "<group>"; };
		BF4E8ADA1EF0E4B700FD64FF /* weapons1.json */ = {isa = PBXFileReference; fileEncoding = 4; lastKnownFileType = text.json; path = weapons1.json; sourceTree = "<group>"; };
		BF7F4A921E6A52A000272613 /* SWRPG_Viewer.app */ = {isa = PBXFileReference; explicitFileType = wrapper.application; includeInIndex = 0; path = SWRPG_Viewer.app; sourceTree = BUILT_PRODUCTS_DIR; };
		BF7F4A961E6A52A000272613 /* main.m */ = {isa = PBXFileReference; lastKnownFileType = sourcecode.c.objc; path = main.m; sourceTree = "<group>"; };
		BF7F4A981E6A52A000272613 /* AppDelegate.h */ = {isa = PBXFileReference; lastKnownFileType = sourcecode.c.h; path = AppDelegate.h; sourceTree = "<group>"; };
		BF7F4A991E6A52A000272613 /* AppDelegate.m */ = {isa = PBXFileReference; lastKnownFileType = sourcecode.c.objc; path = AppDelegate.m; sourceTree = "<group>"; };
		BF7F4A9B1E6A52A000272613 /* ViewController.h */ = {isa = PBXFileReference; lastKnownFileType = sourcecode.c.h; path = ViewController.h; sourceTree = "<group>"; };
		BF7F4A9C1E6A52A000272613 /* ViewController.m */ = {isa = PBXFileReference; lastKnownFileType = sourcecode.c.objc; path = ViewController.m; sourceTree = "<group>"; };
		BF7F4A9F1E6A52A000272613 /* Base */ = {isa = PBXFileReference; lastKnownFileType = file.storyboard; name = Base; path = Base.lproj/Main.storyboard; sourceTree = "<group>"; };
		BF7F4AA11E6A52A000272613 /* Assets.xcassets */ = {isa = PBXFileReference; lastKnownFileType = folder.assetcatalog; path = Assets.xcassets; sourceTree = "<group>"; };
		BF7F4AA41E6A52A000272613 /* Base */ = {isa = PBXFileReference; lastKnownFileType = file.storyboard; name = Base; path = Base.lproj/LaunchScreen.storyboard; sourceTree = "<group>"; };
		BF7F4AA61E6A52A000272613 /* Info.plist */ = {isa = PBXFileReference; lastKnownFileType = text.plist.xml; path = Info.plist; sourceTree = "<group>"; };
		BFD5C8C51E7F34D7003A3EE6 /* Weapons1.xml */ = {isa = PBXFileReference; fileEncoding = 4; lastKnownFileType = text.xml; path = Weapons1.xml; sourceTree = "<group>"; };
/* End PBXFileReference section */

/* Begin PBXFrameworksBuildPhase section */
		BF7F4A8F1E6A529F00272613 /* Frameworks */ = {
			isa = PBXFrameworksBuildPhase;
			buildActionMask = 2147483647;
			files = (
			);
			runOnlyForDeploymentPostprocessing = 0;
		};
/* End PBXFrameworksBuildPhase section */

/* Begin PBXGroup section */
		BF4E8ACA1EF0D6BA00FD64FF /* XMLDictionary */ = {
			isa = PBXGroup;
			children = (
				BF4E8ACB1EF0D6BA00FD64FF /* XMLDictionary.h */,
				BF4E8ACC1EF0D6BA00FD64FF /* XMLDictionary.m */,
			);
			path = XMLDictionary;
			sourceTree = "<group>";
		};
		BF4E8ACE1EF0D88000FD64FF /* Objects */ = {
			isa = PBXGroup;
			children = (
				BF4E8AC71EF0D67000FD64FF /* RPGWeapon.h */,
				BF4E8AC81EF0D67000FD64FF /* RPGWeapon.m */,
			);
			path = Objects;
			sourceTree = "<group>";
		};
		BF4E8ACF1EF0D90C00FD64FF /* View Controllers */ = {
			isa = PBXGroup;
			children = (
				BF4E8AD81EF0E32000FD64FF /* weapons.json */,
				BF4E8AD01EF0D98100FD64FF /* WeaponViewController.h */,
				BF4E8AD11EF0D98100FD64FF /* WeaponViewController.m */,
			);
			path = "View Controllers";
			sourceTree = "<group>";
		};
		BF7F4A891E6A529F00272613 = {
			isa = PBXGroup;
			children = (
				BF7F4A941E6A52A000272613 /* SWRPG_Viewer */,
				BF7F4A931E6A52A000272613 /* Products */,
			);
			sourceTree = "<group>";
		};
		BF7F4A931E6A52A000272613 /* Products */ = {
			isa = PBXGroup;
			children = (
				BF7F4A921E6A52A000272613 /* SWRPG_Viewer.app */,
			);
			name = Products;
			sourceTree = "<group>";
		};
		BF7F4A941E6A52A000272613 /* SWRPG_Viewer */ = {
			isa = PBXGroup;
			children = (
				BFD5C8C41E7F3405003A3EE6 /* Classes */,
				BFD5C8C31E7F33FA003A3EE6 /* Frameworks */,
				BF7F4A981E6A52A000272613 /* AppDelegate.h */,
				BF7F4A991E6A52A000272613 /* AppDelegate.m */,
				BF7F4A9B1E6A52A000272613 /* ViewController.h */,
				BF7F4A9C1E6A52A000272613 /* ViewController.m */,
				BF7F4A9E1E6A52A000272613 /* Main.storyboard */,
				BF7F4AA11E6A52A000272613 /* Assets.xcassets */,
				BF7F4AA31E6A52A000272613 /* LaunchScreen.storyboard */,
				BF7F4AA61E6A52A000272613 /* Info.plist */,
				BF7F4A951E6A52A000272613 /* Supporting Files */,
			);
			path = SWRPG_Viewer;
			sourceTree = "<group>";
		};
		BF7F4A951E6A52A000272613 /* Supporting Files */ = {
			isa = PBXGroup;
			children = (
				BFD5C8C01E7F33BB003A3EE6 /* Resources */,
				BF7F4A961E6A52A000272613 /* main.m */,
			);
			name = "Supporting Files";
			sourceTree = "<group>";
		};
		BFD5C8C01E7F33BB003A3EE6 /* Resources */ = {
			isa = PBXGroup;
			children = (
				BF4E8ADA1EF0E4B700FD64FF /* weapons1.json */,
				BFD5C8C21E7F33D3003A3EE6 /* Images */,
				BFD5C8C11E7F33C7003A3EE6 /* XML */,
			);
			path = Resources;
			sourceTree = "<group>";
		};
		BFD5C8C11E7F33C7003A3EE6 /* XML */ = {
			isa = PBXGroup;
			children = (
				BF4E8AD51EF0DE4400FD64FF /* Weapons.xml */,
				BFD5C8C51E7F34D7003A3EE6 /* Weapons1.xml */,
			);
			path = XML;
			sourceTree = "<group>";
		};
		BFD5C8C21E7F33D3003A3EE6 /* Images */ = {
			isa = PBXGroup;
			children = (
			);
			path = Images;
			sourceTree = "<group>";
		};
		BFD5C8C31E7F33FA003A3EE6 /* Frameworks */ = {
			isa = PBXGroup;
			children = (
				BF4E8ACA1EF0D6BA00FD64FF /* XMLDictionary */,
			);
			path = Frameworks;
			sourceTree = "<group>";
		};
		BFD5C8C41E7F3405003A3EE6 /* Classes */ = {
			isa = PBXGroup;
			children = (
				BF4E8ACF1EF0D90C00FD64FF /* View Controllers */,
				BF4E8ACE1EF0D88000FD64FF /* Objects */,
			);
			path = Classes;
			sourceTree = "<group>";
		};
/* End PBXGroup section */

/* Begin PBXNativeTarget section */
		BF7F4A911E6A529F00272613 /* SWRPG_Viewer */ = {
			isa = PBXNativeTarget;
			buildConfigurationList = BF7F4AA91E6A52A000272613 /* Build configuration list for PBXNativeTarget "SWRPG_Viewer" */;
			buildPhases = (
				BF7F4A8E1E6A529F00272613 /* Sources */,
				BF7F4A8F1E6A529F00272613 /* Frameworks */,
				BF7F4A901E6A529F00272613 /* Resources */,
			);
			buildRules = (
			);
			dependencies = (
			);
			name = SWRPG_Viewer;
			productName = SWRPG_Viewer;
			productReference = BF7F4A921E6A52A000272613 /* SWRPG_Viewer.app */;
			productType = "com.apple.product-type.application";
		};
/* End PBXNativeTarget section */

/* Begin PBXProject section */
		BF7F4A8A1E6A529F00272613 /* Project object */ = {
			isa = PBXProject;
			attributes = {
				LastUpgradeCheck = 0820;
				ORGANIZATIONNAME = "matthew ingwersen";
				TargetAttributes = {
					BF7F4A911E6A529F00272613 = {
						CreatedOnToolsVersion = 8.2.1;
						DevelopmentTeam = 3BW9B69GL7;
						ProvisioningStyle = Automatic;
					};
				};
			};
			buildConfigurationList = BF7F4A8D1E6A529F00272613 /* Build configuration list for PBXProject "SWRPG_Viewer" */;
			compatibilityVersion = "Xcode 3.2";
			developmentRegion = English;
			hasScannedForEncodings = 0;
			knownRegions = (
				en,
				Base,
			);
			mainGroup = BF7F4A891E6A529F00272613;
			productRefGroup = BF7F4A931E6A52A000272613 /* Products */;
			projectDirPath = "";
			projectRoot = "";
			targets = (
				BF7F4A911E6A529F00272613 /* SWRPG_Viewer */,
			);
		};
/* End PBXProject section */

/* Begin PBXResourcesBuildPhase section */
		BF7F4A901E6A529F00272613 /* Resources */ = {
			isa = PBXResourcesBuildPhase;
			buildActionMask = 2147483647;
			files = (
				BF7F4AA51E6A52A000272613 /* LaunchScreen.storyboard in Resources */,
				BF4E8AD91EF0E32000FD64FF /* weapons.json in Resources */,
				BF7F4AA21E6A52A000272613 /* Assets.xcassets in Resources */,
				BF7F4AA01E6A52A000272613 /* Main.storyboard in Resources */,
				BFD5C8C61E7F34D7003A3EE6 /* Weapons1.xml in Resources */,
				BF4E8AD61EF0DE4400FD64FF /* Weapons.xml in Resources */,
				BF4E8ADB1EF0E4B700FD64FF /* weapons1.json in Resources */,
			);
			runOnlyForDeploymentPostprocessing = 0;
		};
/* End PBXResourcesBuildPhase section */

/* Begin PBXSourcesBuildPhase section */
		BF7F4A8E1E6A529F00272613 /* Sources */ = {
			isa = PBXSourcesBuildPhase;
			buildActionMask = 2147483647;
			files = (
				BF4E8AC91EF0D67000FD64FF /* RPGWeapon.m in Sources */,
				BF7F4A9D1E6A52A000272613 /* ViewController.m in Sources */,
				BF4E8AD21EF0D98100FD64FF /* WeaponViewController.m in Sources */,
				BF7F4A9A1E6A52A000272613 /* AppDelegate.m in Sources */,
				BF7F4A971E6A52A000272613 /* main.m in Sources */,
				BF4E8ACD1EF0D6BA00FD64FF /* XMLDictionary.m in Sources */,
			);
			runOnlyForDeploymentPostprocessing = 0;
		};
/* End PBXSourcesBuildPhase section */

/* Begin PBXVariantGroup section */
		BF7F4A9E1E6A52A000272613 /* Main.storyboard */ = {
			isa = PBXVariantGroup;
			children = (
				BF7F4A9F1E6A52A000272613 /* Base */,
			);
			name = Main.storyboard;
			sourceTree = "<group>";
		};
		BF7F4AA31E6A52A000272613 /* LaunchScreen.storyboard */ = {
			isa = PBXVariantGroup;
			children = (
				BF7F4AA41E6A52A000272613 /* Base */,
			);
			name = LaunchScreen.storyboard;
			sourceTree = "<group>";
		};
/* End PBXVariantGroup section */

/* Begin XCBuildConfiguration section */
		BF7F4AA71E6A52A000272613 /* Debug */ = {
			isa = XCBuildConfiguration;
			buildSettings = {
				ALWAYS_SEARCH_USER_PATHS = NO;
				CLANG_ANALYZER_NONNULL = YES;
				CLANG_CXX_LANGUAGE_STANDARD = "gnu++0x";
				CLANG_CXX_LIBRARY = "libc++";
				CLANG_ENABLE_MODULES = YES;
				CLANG_ENABLE_OBJC_ARC = YES;
				CLANG_WARN_BOOL_CONVERSION = YES;
				CLANG_WARN_CONSTANT_CONVERSION = YES;
				CLANG_WARN_DIRECT_OBJC_ISA_USAGE = YES_ERROR;
				CLANG_WARN_DOCUMENTATION_COMMENTS = YES;
				CLANG_WARN_EMPTY_BODY = YES;
				CLANG_WARN_ENUM_CONVERSION = YES;
				CLANG_WARN_INFINITE_RECURSION = YES;
				CLANG_WARN_INT_CONVERSION = YES;
				CLANG_WARN_OBJC_ROOT_CLASS = YES_ERROR;
				CLANG_WARN_SUSPICIOUS_MOVE = YES;
				CLANG_WARN_UNREACHABLE_CODE = YES;
				CLANG_WARN__DUPLICATE_METHOD_MATCH = YES;
				"CODE_SIGN_IDENTITY[sdk=iphoneos*]" = "iPhone Developer";
				COPY_PHASE_STRIP = NO;
				DEBUG_INFORMATION_FORMAT = dwarf;
				ENABLE_STRICT_OBJC_MSGSEND = YES;
				ENABLE_TESTABILITY = YES;
				GCC_C_LANGUAGE_STANDARD = gnu99;
				GCC_DYNAMIC_NO_PIC = NO;
				GCC_NO_COMMON_BLOCKS = YES;
				GCC_OPTIMIZATION_LEVEL = 0;
				GCC_PREPROCESSOR_DEFINITIONS = (
					"DEBUG=1",
					"$(inherited)",
				);
				GCC_WARN_64_TO_32_BIT_CONVERSION = YES;
				GCC_WARN_ABOUT_RETURN_TYPE = YES_ERROR;
				GCC_WARN_UNDECLARED_SELECTOR = YES;
				GCC_WARN_UNINITIALIZED_AUTOS = YES_AGGRESSIVE;
				GCC_WARN_UNUSED_FUNCTION = YES;
				GCC_WARN_UNUSED_VARIABLE = YES;
				IPHONEOS_DEPLOYMENT_TARGET = 10.2;
				MTL_ENABLE_DEBUG_INFO = YES;
				ONLY_ACTIVE_ARCH = YES;
				SDKROOT = iphoneos;
				TARGETED_DEVICE_FAMILY = "1,2";
			};
			name = Debug;
		};
		BF7F4AA81E6A52A000272613 /* Release */ = {
			isa = XCBuildConfiguration;
			buildSettings = {
				ALWAYS_SEARCH_USER_PATHS = NO;
				CLANG_ANALYZER_NONNULL = YES;
				CLANG_CXX_LANGUAGE_STANDARD = "gnu++0x";
				CLANG_CXX_LIBRARY = "libc++";
				CLANG_ENABLE_MODULES = YES;
				CLANG_ENABLE_OBJC_ARC = YES;
				CLANG_WARN_BOOL_CONVERSION = YES;
				CLANG_WARN_CONSTANT_CONVERSION = YES;
				CLANG_WARN_DIRECT_OBJC_ISA_USAGE = YES_ERROR;
				CLANG_WARN_DOCUMENTATION_COMMENTS = YES;
				CLANG_WARN_EMPTY_BODY = YES;
				CLANG_WARN_ENUM_CONVERSION = YES;
				CLANG_WARN_INFINITE_RECURSION = YES;
				CLANG_WARN_INT_CONVERSION = YES;
				CLANG_WARN_OBJC_ROOT_CLASS = YES_ERROR;
				CLANG_WARN_SUSPICIOUS_MOVE = YES;
				CLANG_WARN_UNREACHABLE_CODE = YES;
				CLANG_WARN__DUPLICATE_METHOD_MATCH = YES;
				"CODE_SIGN_IDENTITY[sdk=iphoneos*]" = "iPhone Developer";
				COPY_PHASE_STRIP = NO;
				DEBUG_INFORMATION_FORMAT = "dwarf-with-dsym";
				ENABLE_NS_ASSERTIONS = NO;
				ENABLE_STRICT_OBJC_MSGSEND = YES;
				GCC_C_LANGUAGE_STANDARD = gnu99;
				GCC_NO_COMMON_BLOCKS = YES;
				GCC_WARN_64_TO_32_BIT_CONVERSION = YES;
				GCC_WARN_ABOUT_RETURN_TYPE = YES_ERROR;
				GCC_WARN_UNDECLARED_SELECTOR = YES;
				GCC_WARN_UNINITIALIZED_AUTOS = YES_AGGRESSIVE;
				GCC_WARN_UNUSED_FUNCTION = YES;
				GCC_WARN_UNUSED_VARIABLE = YES;
				IPHONEOS_DEPLOYMENT_TARGET = 10.2;
				MTL_ENABLE_DEBUG_INFO = NO;
				SDKROOT = iphoneos;
				TARGETED_DEVICE_FAMILY = "1,2";
				VALIDATE_PRODUCT = YES;
			};
			name = Release;
		};
		BF7F4AAA1E6A52A000272613 /* Debug */ = {
			isa = XCBuildConfiguration;
			buildSettings = {
				ASSETCATALOG_COMPILER_APPICON_NAME = AppIcon;
				DEVELOPMENT_TEAM = 3BW9B69GL7;
				INFOPLIST_FILE = SWRPG_Viewer/Info.plist;
				IPHONEOS_DEPLOYMENT_TARGET = 9.0;
				LD_RUNPATH_SEARCH_PATHS = "$(inherited) @executable_path/Frameworks";
				PRODUCT_BUNDLE_IDENTIFIER = "ingyApps.SWRPG-Viewer";
				PRODUCT_NAME = "$(TARGET_NAME)";
			};
			name = Debug;
		};
		BF7F4AAB1E6A52A000272613 /* Release */ = {
			isa = XCBuildConfiguration;
			buildSettings = {
				ASSETCATALOG_COMPILER_APPICON_NAME = AppIcon;
				DEVELOPMENT_TEAM = 3BW9B69GL7;
				INFOPLIST_FILE = SWRPG_Viewer/Info.plist;
				IPHONEOS_DEPLOYMENT_TARGET = 9.0;
				LD_RUNPATH_SEARCH_PATHS = "$(inherited) @executable_path/Frameworks";
				PRODUCT_BUNDLE_IDENTIFIER = "ingyApps.SWRPG-Viewer";
				PRODUCT_NAME = "$(TARGET_NAME)";
			};
			name = Release;
		};
/* End XCBuildConfiguration section */

/* Begin XCConfigurationList section */
		BF7F4A8D1E6A529F00272613 /* Build configuration list for PBXProject "SWRPG_Viewer" */ = {
			isa = XCConfigurationList;
			buildConfigurations = (
				BF7F4AA71E6A52A000272613 /* Debug */,
				BF7F4AA81E6A52A000272613 /* Release */,
			);
			defaultConfigurationIsVisible = 0;
			defaultConfigurationName = Release;
		};
		BF7F4AA91E6A52A000272613 /* Build configuration list for PBXNativeTarget "SWRPG_Viewer" */ = {
			isa = XCConfigurationList;
			buildConfigurations = (
				BF7F4AAA1E6A52A000272613 /* Debug */,
				BF7F4AAB1E6A52A000272613 /* Release */,
			);
			defaultConfigurationIsVisible = 0;
			defaultConfigurationName = Release;
		};
/* End XCConfigurationList section */
	};
	rootObject = BF7F4A8A1E6A529F00272613 /* Project object */;
}
